
Microsoft Visual Studio Solution File, Format Version 12.00
# Visual Studio Version 16
VisualStudioVersion = 16.0.30204.135
MinimumVisualStudioVersion = 10.0.40219.1
Project("{FAE04EC0-301F-11D3-BF4B-00C04F79EFBC}") = "COM3D2.VRDanceTracker.Plugin", "COM3D2.VRDanceTracker.Plugin\COM3D2.VRDanceTracker.Plugin.csproj", "{221D8CC3-5B3F-438B-AB42-33CF94411A87}"
EndProject
Global
	GlobalSection(SolutionConfigurationPlatforms) = preSolution
		Debug|Any CPU = Debug|Any CPU
		Release|Any CPU = Release|Any CPU
	EndGlobalSection
	GlobalSection(ProjectConfigurationPlatforms) = postSolution
		{221D8CC3-5B3F-438B-AB42-33CF94411A87}.Debug|Any CPU.ActiveCfg = Debug|Any CPU
		{221D8CC3-5B3F-438B-AB42-33CF94411A87}.Debug|Any CPU.Build.0 = Debug|Any CPU
		{221D8CC3-5B3F-438B-AB42-33CF94411A87}.Release|Any CPU.ActiveCfg = Release|Any CPU
		{221D8CC3-5B3F-438B-AB42-33CF94411A87}.Release|Any CPU.Build.0 = Release|Any CPU
	EndGlobalSection
	GlobalSection(SolutionProperties) = preSolution
		HideSolutionNode = FALSE
	EndGlobalSection
	GlobalSection(ExtensibilityGlobals) = postSolution
		SolutionGuid = {75145AB7-5EE7-410D-801D-5DAB2284C815}
	EndGlobalSection
EndGlobal
